
Microsoft Visual Studio Solution File, Format Version 12.00
# Visual Studio Version 16
VisualStudioVersion = 16.0.31025.194
MinimumVisualStudioVersion = 10.0.40219.1
Project("{FAE04EC0-301F-11D3-BF4B-00C04F79EFBC}") = "Array", "Array\Array.csproj", "{549F74BF-0B91-4B2C-ACCA-AB71BCDDFF05}"
EndProject
Global
	GlobalSection(SolutionConfigurationPlatforms) = preSolution
		Debug|Any CPU = Debug|Any CPU
		Release|Any CPU = Release|Any CPU
	EndGlobalSection
	GlobalSection(ProjectConfigurationPlatforms) = postSolution
		{549F74BF-0B91-4B2C-ACCA-AB71BCDDFF05}.Debug|Any CPU.ActiveCfg = Debug|Any CPU
		{549F74BF-0B91-4B2C-ACCA-AB71BCDDFF05}.Debug|Any CPU.Build.0 = Debug|Any CPU
		{549F74BF-0B91-4B2C-ACCA-AB71BCDDFF05}.Release|Any CPU.ActiveCfg = Release|Any CPU
		{549F74BF-0B91-4B2C-ACCA-AB71BCDDFF05}.Release|Any CPU.Build.0 = Release|Any CPU
	EndGlobalSection
	GlobalSection(SolutionProperties) = preSolution
		HideSolutionNode = FALSE
	EndGlobalSection
	GlobalSection(ExtensibilityGlobals) = postSolution
		SolutionGuid = {6578C8A0-F0DE-42BB-8B2E-65E49AD904E1}
	EndGlobalSection
EndGlobal
