
Microsoft Visual Studio Solution File, Format Version 12.00
# Visual Studio Version 16
VisualStudioVersion = 16.0.31025.194
MinimumVisualStudioVersion = 10.0.40219.1
Project("{FAE04EC0-301F-11D3-BF4B-00C04F79EFBC}") = "HelloWorld", "HelloWorld\HelloWorld.csproj", "{3F626222-3628-4455-B751-089023942B34}"
EndProject
Global
	GlobalSection(SolutionConfigurationPlatforms) = preSolution
		Debug|Any CPU = Debug|Any CPU
		Release|Any CPU = Release|Any CPU
	EndGlobalSection
	GlobalSection(ProjectConfigurationPlatforms) = postSolution
		{3F626222-3628-4455-B751-089023942B34}.Debug|Any CPU.ActiveCfg = Debug|Any CPU
		{3F626222-3628-4455-B751-089023942B34}.Debug|Any CPU.Build.0 = Debug|Any CPU
		{3F626222-3628-4455-B751-089023942B34}.Release|Any CPU.ActiveCfg = Release|Any CPU
		{3F626222-3628-4455-B751-089023942B34}.Release|Any CPU.Build.0 = Release|Any CPU
	EndGlobalSection
	GlobalSection(SolutionProperties) = preSolution
		HideSolutionNode = FALSE
	EndGlobalSection
	GlobalSection(ExtensibilityGlobals) = postSolution
		SolutionGuid = {A571C3A3-F3AC-4011-A159-6C2FE2C433F4}
	EndGlobalSection
EndGlobal
